
Microsoft Visual Studio Solution File, Format Version 12.00
# Visual Studio 15
VisualStudioVersion = 15.0.27428.2043
MinimumVisualStudioVersion = 10.0.40219.1
Project("{FAE04EC0-301F-11D3-BF4B-00C04F79EFBC}") = "Roman2ArabicNumbers", "Roman2ArabicNumbers\Roman2ArabicNumbers.csproj", "{23D6A80A-341D-41BB-BCF0-804CE27331C3}"
EndProject
Project("{FAE04EC0-301F-11D3-BF4B-00C04F79EFBC}") = "Roman2ArabicNumbersTest", "Roman2ArabicNumbersTest\Roman2ArabicNumbersTest.csproj", "{481F24E8-B5D8-42DD-B64E-B905367E6378}"
EndProject
Global
	GlobalSection(SolutionConfigurationPlatforms) = preSolution
		Debug|Any CPU = Debug|Any CPU
		Release|Any CPU = Release|Any CPU
	EndGlobalSection
	GlobalSection(ProjectConfigurationPlatforms) = postSolution
		{23D6A80A-341D-41BB-BCF0-804CE27331C3}.Debug|Any CPU.ActiveCfg = Debug|Any CPU
		{23D6A80A-341D-41BB-BCF0-804CE27331C3}.Debug|Any CPU.Build.0 = Debug|Any CPU
		{23D6A80A-341D-41BB-BCF0-804CE27331C3}.Release|Any CPU.ActiveCfg = Release|Any CPU
		{23D6A80A-341D-41BB-BCF0-804CE27331C3}.Release|Any CPU.Build.0 = Release|Any CPU
		{481F24E8-B5D8-42DD-B64E-B905367E6378}.Debug|Any CPU.ActiveCfg = Debug|Any CPU
		{481F24E8-B5D8-42DD-B64E-B905367E6378}.Debug|Any CPU.Build.0 = Debug|Any CPU
		{481F24E8-B5D8-42DD-B64E-B905367E6378}.Release|Any CPU.ActiveCfg = Release|Any CPU
		{481F24E8-B5D8-42DD-B64E-B905367E6378}.Release|Any CPU.Build.0 = Release|Any CPU
	EndGlobalSection
	GlobalSection(SolutionProperties) = preSolution
		HideSolutionNode = FALSE
	EndGlobalSection
	GlobalSection(ExtensibilityGlobals) = postSolution
		SolutionGuid = {CAEB577F-1C35-4368-BF44-8A028542900D}
	EndGlobalSection
EndGlobal
